# IF THERE'S A GIT CONFLICT IN THIS FILE, DON'T SOLVE IT MANUALLY!
# INSTEAD EXECUTE `prisma lift fix`
# lift lockfile v1
# Read more about conflict resolution here: TODO

20200119105604-initial
20200119114726-attach-comments-directly-to-songs
20200121102932-next-comments-instead-of-referencing
20200122114937-refactor-nested-comments-into-replies
20200122131143-update-beard-enum
20200122132432-update-enum-options
20200124102309-make-songs-collectible-and-ownable
20200124102600-make-song-user-optional
20200124102926-make-explicit-many-to-many-join-table